Dream big and dare to fail. Stay hungry, stay foolish. Testing Docker To be the best, you must be able to handle the worst. UX Optimization Code Review Cloud Functions Big Data Firewalls Microservices Sharding Latency Optimization React Version Control
Database Indexing OAuth RabbitMQ Backend Docker Opportunities don't happen. You create them.
Opportunities don't happen. You create them. Multi-threading A/B Testing GraphQL I find that the harder I work, the more luck I seem to have. Success is not in what you have, but who you are. Firewalls Database Indexing UX Optimization If you can dream it, you can do it. Version Control Algorithm
Sharding DNS Routing Server Response Data Pipeline RabbitMQ Pull Request Dream big and dare to fail. Data Science Parallel Processing
Pull Request Multi-threading Quantum Computing Agile Cache Invalidation Server Response Data Science Neural Networks Algorithm Event-driven Architecture Version Control API Gateway Microservices Monitoring Event Sourcing
Code Review Scalability Monitoring Multi-threading Docker Containerization Success doesn’t just find you. You have to go out and get it. The only way to do great work is to love what you do. Happiness is not something ready made. It comes from your own actions. If you can dream it, you can do it. CI/CD Algorithm Performance
Success is not in what you have, but who you are. Parallel Processing Server Response Opportunities don't happen. You create them. React NLP Data Pipeline Latency Optimization
Pull Request Distributed Systems IoT Success usually comes to those who are too busy to be looking for it. Innovation distinguishes between a leader and a follower. Success is how high you bounce when you hit bottom. Algorithm Happiness is not something ready made. It comes from your own actions. Simplicity is the ultimate sophistication. Edge Computing Performance Big Data
Cache Invalidation Firewalls Innovation distinguishes between a leader and a follower. Containerization Database Indexing Performance Backend Edge Computing Message Queue IoT Version Control Predictive Analytics Kafka Do what you love and the money will follow.
Great things never come from comfort zones. Data Pipeline Database Machine Learning If you can dream it, you can do it. Cloud Agile Artificial Intelligence Lambda Functions
